
Microsoft Visual Studio Solution File, Format Version 12.00
# Visual Studio Version 16
VisualStudioVersion = 16.0.810.5
MinimumVisualStudioVersion = 10.0.40219.1
Project("{FAE04EC0-301F-11D3-BF4B-00C04F79EFBC}") = "MethodOverloading", "MethodOverloading\MethodOverloading.csproj", "{698488D0-7CA1-4D4B-A3F5-D60A373186D1}"
EndProject
Global
	GlobalSection(SolutionConfigurationPlatforms) = preSolution
		Debug|Any CPU = Debug|Any CPU
		Release|Any CPU = Release|Any CPU
	EndGlobalSection
	GlobalSection(ProjectConfigurationPlatforms) = postSolution
		{698488D0-7CA1-4D4B-A3F5-D60A373186D1}.Debug|Any CPU.ActiveCfg = Debug|Any CPU
		{698488D0-7CA1-4D4B-A3F5-D60A373186D1}.Debug|Any CPU.Build.0 = Debug|Any CPU
		{698488D0-7CA1-4D4B-A3F5-D60A373186D1}.Release|Any CPU.ActiveCfg = Release|Any CPU
		{698488D0-7CA1-4D4B-A3F5-D60A373186D1}.Release|Any CPU.Build.0 = Release|Any CPU
	EndGlobalSection
	GlobalSection(SolutionProperties) = preSolution
		HideSolutionNode = FALSE
	EndGlobalSection
	GlobalSection(ExtensibilityGlobals) = postSolution
		SolutionGuid = {32BA4B37-D96C-4AFE-9CED-62AFE87B92C1}
	EndGlobalSection
EndGlobal
